
Microsoft Visual Studio Solution File, Format Version 12.00
# Visual Studio Version 16
VisualStudioVersion = 16.0.28315.86
MinimumVisualStudioVersion = 10.0.40219.1
Project("{9A19103F-16F7-4668-BE54-9A1E7A4F7556}") = "netopt", "netopt\netopt.csproj", "{5ED7F77C-151F-4ED8-AA71-6667DC2DE442}"
EndProject
Global
	GlobalSection(SolutionConfigurationPlatforms) = preSolution
		Debug|Any CPU = Debug|Any CPU
		Release|Any CPU = Release|Any CPU
	EndGlobalSection
	GlobalSection(ProjectConfigurationPlatforms) = postSolution
		{5ED7F77C-151F-4ED8-AA71-6667DC2DE442}.Debug|Any CPU.ActiveCfg = Debug|Any CPU
		{5ED7F77C-151F-4ED8-AA71-6667DC2DE442}.Debug|Any CPU.Build.0 = Debug|Any CPU
		{5ED7F77C-151F-4ED8-AA71-6667DC2DE442}.Release|Any CPU.ActiveCfg = Release|Any CPU
		{5ED7F77C-151F-4ED8-AA71-6667DC2DE442}.Release|Any CPU.Build.0 = Release|Any CPU
	EndGlobalSection
	GlobalSection(SolutionProperties) = preSolution
		HideSolutionNode = FALSE
	EndGlobalSection
	GlobalSection(ExtensibilityGlobals) = postSolution
		SolutionGuid = {0EB17636-442A-4C5A-A493-AABAF766F71C}
	EndGlobalSection
EndGlobal
